
Microsoft Visual Studio Solution File, Format Version 12.00
# Visual Studio Version 16
VisualStudioVersion = 16.0.31129.286
MinimumVisualStudioVersion = 10.0.40219.1
Project("{2150E333-8FDC-42A3-9474-1A3956D46DE8}") = "2.BussinesLogic", "2.BussinesLogic", "{1B19A1C2-32AE-40CB-9352-54125CE75786}"
EndProject
Project("{2150E333-8FDC-42A3-9474-1A3956D46DE8}") = "3.Data", "3.Data", "{4B32BC89-AFE5-420D-9A23-A0BB17CD9554}"
EndProject
Project("{2150E333-8FDC-42A3-9474-1A3956D46DE8}") = "4.Common", "4.Common", "{8303E526-9D43-45C7-9803-020478C5E616}"
EndProject
Project("{FAE04EC0-301F-11D3-BF4B-00C04F79EFBC}") = "BussinesLogic", "BussinesLogic\BussinesLogic.csproj", "{681BD6D6-4831-425A-B81E-B889D3248387}"
EndProject
Project("{FAE04EC0-301F-11D3-BF4B-00C04F79EFBC}") = "DataAccess", "DataAccess\DataAccess.csproj", "{FF5EC520-D5A4-4F2D-934D-1123C0E3392F}"
EndProject
Project("{FAE04EC0-301F-11D3-BF4B-00C04F79EFBC}") = "CommonSolution", "CommonSolution\CommonSolution.csproj", "{3525A4D8-DA07-4A7B-8525-CB269A8FF7DF}"
EndProject
Global
	GlobalSection(SolutionConfigurationPlatforms) = preSolution
		Debug|Any CPU = Debug|Any CPU
		Release|Any CPU = Release|Any CPU
	EndGlobalSection
	GlobalSection(ProjectConfigurationPlatforms) = postSolution
		{681BD6D6-4831-425A-B81E-B889D3248387}.Debug|Any CPU.ActiveCfg = Debug|Any CPU
		{681BD6D6-4831-425A-B81E-B889D3248387}.Debug|Any CPU.Build.0 = Debug|Any CPU
		{681BD6D6-4831-425A-B81E-B889D3248387}.Release|Any CPU.ActiveCfg = Release|Any CPU
		{681BD6D6-4831-425A-B81E-B889D3248387}.Release|Any CPU.Build.0 = Release|Any CPU
		{FF5EC520-D5A4-4F2D-934D-1123C0E3392F}.Debug|Any CPU.ActiveCfg = Debug|Any CPU
		{FF5EC520-D5A4-4F2D-934D-1123C0E3392F}.Debug|Any CPU.Build.0 = Debug|Any CPU
		{FF5EC520-D5A4-4F2D-934D-1123C0E3392F}.Release|Any CPU.ActiveCfg = Release|Any CPU
		{FF5EC520-D5A4-4F2D-934D-1123C0E3392F}.Release|Any CPU.Build.0 = Release|Any CPU
		{3525A4D8-DA07-4A7B-8525-CB269A8FF7DF}.Debug|Any CPU.ActiveCfg = Debug|Any CPU
		{3525A4D8-DA07-4A7B-8525-CB269A8FF7DF}.Debug|Any CPU.Build.0 = Debug|Any CPU
		{3525A4D8-DA07-4A7B-8525-CB269A8FF7DF}.Release|Any CPU.ActiveCfg = Release|Any CPU
		{3525A4D8-DA07-4A7B-8525-CB269A8FF7DF}.Release|Any CPU.Build.0 = Release|Any CPU
	EndGlobalSection
	GlobalSection(SolutionProperties) = preSolution
		HideSolutionNode = FALSE
	EndGlobalSection
	GlobalSection(NestedProjects) = preSolution
		{681BD6D6-4831-425A-B81E-B889D3248387} = {1B19A1C2-32AE-40CB-9352-54125CE75786}
		{FF5EC520-D5A4-4F2D-934D-1123C0E3392F} = {4B32BC89-AFE5-420D-9A23-A0BB17CD9554}
		{3525A4D8-DA07-4A7B-8525-CB269A8FF7DF} = {8303E526-9D43-45C7-9803-020478C5E616}
	EndGlobalSection
	GlobalSection(ExtensibilityGlobals) = postSolution
		SolutionGuid = {AD64AD15-98B5-4462-AD6B-8B967585F011}
	EndGlobalSection
EndGlobal
